
Microsoft Visual Studio Solution File, Format Version 12.00
# Visual Studio Version 17
VisualStudioVersion = 17.3.32929.385
MinimumVisualStudioVersion = 10.0.40219.1
Project("{FAE04EC0-301F-11D3-BF4B-00C04F79EFBC}") = "TTTTTTT", "TTTTTTT\TTTTTTT.csproj", "{9EBDDE3B-90A6-4A27-A890-3683B01C2773}"
EndProject
Global
	GlobalSection(SolutionConfigurationPlatforms) = preSolution
		Debug|Any CPU = Debug|Any CPU
		Release|Any CPU = Release|Any CPU
	EndGlobalSection
	GlobalSection(ProjectConfigurationPlatforms) = postSolution
		{9EBDDE3B-90A6-4A27-A890-3683B01C2773}.Debug|Any CPU.ActiveCfg = Debug|Any CPU
		{9EBDDE3B-90A6-4A27-A890-3683B01C2773}.Debug|Any CPU.Build.0 = Debug|Any CPU
		{9EBDDE3B-90A6-4A27-A890-3683B01C2773}.Release|Any CPU.ActiveCfg = Release|Any CPU
		{9EBDDE3B-90A6-4A27-A890-3683B01C2773}.Release|Any CPU.Build.0 = Release|Any CPU
	EndGlobalSection
	GlobalSection(SolutionProperties) = preSolution
		HideSolutionNode = FALSE
	EndGlobalSection
	GlobalSection(ExtensibilityGlobals) = postSolution
		SolutionGuid = {AF0F5587-3F59-49EB-A956-E2611A3FFB9E}
	EndGlobalSection
EndGlobal
